{
    "requires": true,
    "lockfileVersion": 1,
    "dependencies": {
        "datatables.net": {
            "version": "1.10.23",
            "resolved": "https://registry.npmjs.org/datatables.net/-/datatables.net-1.10.23.tgz",
            "integrity": "sha512-we3tlNkzpxvgkKKlTxTMXPCt35untVXNg8zUYWpQyC1U5vJc+lT0+Zdc1ztK8d3lh5CfdnuFde2p8n3XwaGl3Q==",
            "requires": {
                "jquery": ">=1.7"
            }
        },
        "datatables.net-autofill": {
            "version": "2.3.5",
            "resolved": "https://registry.npmjs.org/datatables.net-autofill/-/datatables.net-autofill-2.3.5.tgz",
            "integrity": "sha512-3pbHGOCVAebAqhBsDZ9FpTBAzFQD6Tb+Ab51akXLsVCr/jr4UMuBlPQZzaVh79eHRtt/3AuNwFlNTkjzBwoBIw==",
            "requires": {
                "datatables.net": "^1.10.15",
                "jquery": ">=1.7"
            }
        },
        "datatables.net-autofill-dt": {
            "version": "2.3.5",
            "resolved": "https://registry.npmjs.org/datatables.net-autofill-dt/-/datatables.net-autofill-dt-2.3.5.tgz",
            "integrity": "sha512-kz4vKZgWO79Coarwt/TRm9nGqR4HhFYBBhmESpcfXpEk+jHC4tZeg51YmOOdyQB3Wc7cKSA0u2qA8S2tM3aevQ==",
            "requires": {
                "datatables.net-autofill": "2.3.5",
                "datatables.net-dt": "^1.10.15",
                "jquery": ">=1.7"
            }
        },
        "datatables.net-buttons": {
            "version": "1.6.5",
            "resolved": "https://registry.npmjs.org/datatables.net-buttons/-/datatables.net-buttons-1.6.5.tgz",
            "integrity": "sha512-JmV1ncTbpiDXxU/e8ucFIbNLrmlGUrWrURBLI19Rd/rT+WSbH8TmLjoFVyTFuvC4PdzyLY2swEi+O1SC1ehGKQ==",
            "requires": {
                "datatables.net": "^1.10.15",
                "jquery": ">=1.7"
            }
        },
        "datatables.net-buttons-dt": {
            "version": "1.6.5",
            "resolved": "https://registry.npmjs.org/datatables.net-buttons-dt/-/datatables.net-buttons-dt-1.6.5.tgz",
            "integrity": "sha512-BeuAvOp2pHyTC7WgectJ29APyno9b+90Jg7W4YeWK/G3bOmp+ZYx4/cr4XsnluAPfLQOsnLwoPx+LEc7B7BzAQ==",
            "requires": {
                "datatables.net-buttons": "1.6.5",
                "datatables.net-dt": "^1.10.15",
                "jquery": ">=1.7"
            }
        },
        "datatables.net-colreorder": {
            "version": "1.5.3",
            "resolved": "https://registry.npmjs.org/datatables.net-colreorder/-/datatables.net-colreorder-1.5.3.tgz",
            "integrity": "sha512-OPMP5hG60cOVALk68Q2FQrsPQ6oOnwmsxipbq1FKm3JdR9I80j3wI3Zv9Q5KbehK5YkwE+DDJVDS1V/ikUVKHA==",
            "requires": {
                "datatables.net": "^1.10.15",
                "jquery": ">=1.7"
            }
        },
        "datatables.net-colreorder-dt": {
            "version": "1.5.3",
            "resolved": "https://registry.npmjs.org/datatables.net-colreorder-dt/-/datatables.net-colreorder-dt-1.5.3.tgz",
            "integrity": "sha512-G26fbzQJ4S1Euilhvc7S/sBteGyCUHs8DAm9ZxcXyTr/igrY0coqCjwpxbzAAZRTVtACJHQ1xr6gJA3MNpVOrA==",
            "requires": {
                "datatables.net-colreorder": "1.5.3",
                "datatables.net-dt": "^1.10.15",
                "jquery": ">=1.7"
            }
        },
        "datatables.net-dt": {
            "version": "1.10.23",
            "resolved": "https://registry.npmjs.org/datatables.net-dt/-/datatables.net-dt-1.10.23.tgz",
            "integrity": "sha512-Iky6RAKXKv/cZ4mfQRyHHGOdD1GyV9YuvGQrPCl5qqh+ENqaWphOiWVW/vqDsgDaVjvLwLfeRNMbmnf3w9sRRg==",
            "requires": {
                "datatables.net": "1.10.23",
                "jquery": ">=1.7"
            }
        },
        "datatables.net-fixedcolumns": {
            "version": "3.3.2",
            "resolved": "https://registry.npmjs.org/datatables.net-fixedcolumns/-/datatables.net-fixedcolumns-3.3.2.tgz",
            "integrity": "sha512-LKWJZDSU9R8Z7rz/YSxSyAhxvtBvrA08oCY7y9h8ExynfEG3XUzAPejb2Y1I0YznPcnaYEnukUXLRHU6DjTnWQ==",
            "requires": {
                "datatables.net": "^1.10.15",
                "jquery": ">=1.7"
            }
        },
        "datatables.net-fixedcolumns-dt": {
            "version": "3.3.2",
            "resolved": "https://registry.npmjs.org/datatables.net-fixedcolumns-dt/-/datatables.net-fixedcolumns-dt-3.3.2.tgz",
            "integrity": "sha512-HdkQ2NW22rE6O7oFjDW7/6sQAuasGspUoFfOI0CH3+Dc+aQRVFXm1DRXRSrRnC086BGTZhSOW2rnoqAIRmnTkg==",
            "requires": {
                "datatables.net-dt": "^1.10.15",
                "datatables.net-fixedcolumns": "3.3.2",
                "jquery": ">=1.7"
            }
        },
        "datatables.net-zf": {
            "version": "1.10.23",
            "resolved": "https://registry.npmjs.org/datatables.net-zf/-/datatables.net-zf-1.10.23.tgz",
            "integrity": "sha512-773ZKI56Q+AsGYa7y3OAOjblzx1ccoOY1SOk+uCaebU+/hFm58uF4//PmqiQ4tDDJvAoJTZ82qpabt71QuBaEQ==",
            "requires": {
                "datatables.net": "1.10.23",
                "jquery": ">=1.7"
            }
        },
        "jquery": {
            "version": "3.5.1",
            "resolved": "https://registry.npmjs.org/jquery/-/jquery-3.5.1.tgz",
            "integrity": "sha512-XwIBPqcMn57FxfT+Go5pzySnm4KWkT1Tv7gjrpT1srtf8Weynl6R273VJ5GjkRb51IzMp5nbaPjJXMWeju2MKg=="
        }
    }
}
